{
  "requires": true,
  "lockfileVersion": 1,
  "dependencies": {
    "vue-pickers": {
      "version": "2.1.0",
      "resolved": "https://registry.npm.taobao.org/vue-pickers/download/vue-pickers-2.1.0.tgz?cache=0&sync_timestamp=1572533525934&other_urls=https%3A%2F%2Fregistry.npm.taobao.org%2Fvue-pickers%2Fdownload%2Fvue-pickers-2.1.0.tgz",
      "integrity": "sha1-UzUPmn0MPEofi9CyGgxODTkcP2M="
    }
  }
}
